
Microsoft Visual Studio Solution File, Format Version 12.00
# Visual Studio Version 16
VisualStudioVersion = 16.0.31025.194
MinimumVisualStudioVersion = 10.0.40219.1
Project("{FAE04EC0-301F-11D3-BF4B-00C04F79EFBC}") = "DaBang", "DaBang\DaBang.csproj", "{304BD8A8-65FF-41EF-8016-8B0A7C54443D}"
EndProject
Global
	GlobalSection(SolutionConfigurationPlatforms) = preSolution
		Debug|Any CPU = Debug|Any CPU
		Release|Any CPU = Release|Any CPU
	EndGlobalSection
	GlobalSection(ProjectConfigurationPlatforms) = postSolution
		{304BD8A8-65FF-41EF-8016-8B0A7C54443D}.Debug|Any CPU.ActiveCfg = Debug|Any CPU
		{304BD8A8-65FF-41EF-8016-8B0A7C54443D}.Debug|Any CPU.Build.0 = Debug|Any CPU
		{304BD8A8-65FF-41EF-8016-8B0A7C54443D}.Release|Any CPU.ActiveCfg = Release|Any CPU
		{304BD8A8-65FF-41EF-8016-8B0A7C54443D}.Release|Any CPU.Build.0 = Release|Any CPU
	EndGlobalSection
	GlobalSection(SolutionProperties) = preSolution
		HideSolutionNode = FALSE
	EndGlobalSection
	GlobalSection(ExtensibilityGlobals) = postSolution
		SolutionGuid = {3C4502A2-99F2-490E-BD68-984BBEAD76E1}
	EndGlobalSection
EndGlobal
